
Microsoft Visual Studio Solution File, Format Version 12.00
# Visual Studio Version 16
VisualStudioVersion = 16.0.30011.22
MinimumVisualStudioVersion = 10.0.40219.1
Project("{8BC9CEB8-8B4A-11D0-8D11-00A0C91BC942}") = "HolaMundo", "HolaMundo\HolaMundo.vcxproj", "{AB2F0033-F508-4044-B6E0-1E4E88CF9180}"
EndProject
Project("{2150E333-8FDC-42A3-9474-1A3956D46DE8}") = "Semana1", "Semana1", "{22F14AA1-DAE4-482F-994D-2F84ACCFE7BE}"
EndProject
Project("{8BC9CEB8-8B4A-11D0-8D11-00A0C91BC942}") = "EjericicioAdivinarNumero", "EjericicioAdivinarNumero\EjericicioAdivinarNumero.vcxproj", "{E1066D2A-164F-41F1-B50E-25BD1822A86A}"
EndProject
Global
	GlobalSection(SolutionConfigurationPlatforms) = preSolution
		Debug|x64 = Debug|x64
		Debug|x86 = Debug|x86
		Release|x64 = Release|x64
		Release|x86 = Release|x86
	EndGlobalSection
	GlobalSection(ProjectConfigurationPlatforms) = postSolution
		{AB2F0033-F508-4044-B6E0-1E4E88CF9180}.Debug|x64.ActiveCfg = Debug|x64
		{AB2F0033-F508-4044-B6E0-1E4E88CF9180}.Debug|x64.Build.0 = Debug|x64
		{AB2F0033-F508-4044-B6E0-1E4E88CF9180}.Debug|x86.ActiveCfg = Debug|Win32
		{AB2F0033-F508-4044-B6E0-1E4E88CF9180}.Debug|x86.Build.0 = Debug|Win32
		{AB2F0033-F508-4044-B6E0-1E4E88CF9180}.Release|x64.ActiveCfg = Release|x64
		{AB2F0033-F508-4044-B6E0-1E4E88CF9180}.Release|x64.Build.0 = Release|x64
		{AB2F0033-F508-4044-B6E0-1E4E88CF9180}.Release|x86.ActiveCfg = Release|Win32
		{AB2F0033-F508-4044-B6E0-1E4E88CF9180}.Release|x86.Build.0 = Release|Win32
		{E1066D2A-164F-41F1-B50E-25BD1822A86A}.Debug|x64.ActiveCfg = Debug|x64
		{E1066D2A-164F-41F1-B50E-25BD1822A86A}.Debug|x64.Build.0 = Debug|x64
		{E1066D2A-164F-41F1-B50E-25BD1822A86A}.Debug|x86.ActiveCfg = Debug|Win32
		{E1066D2A-164F-41F1-B50E-25BD1822A86A}.Debug|x86.Build.0 = Debug|Win32
		{E1066D2A-164F-41F1-B50E-25BD1822A86A}.Release|x64.ActiveCfg = Release|x64
		{E1066D2A-164F-41F1-B50E-25BD1822A86A}.Release|x64.Build.0 = Release|x64
		{E1066D2A-164F-41F1-B50E-25BD1822A86A}.Release|x86.ActiveCfg = Release|Win32
		{E1066D2A-164F-41F1-B50E-25BD1822A86A}.Release|x86.Build.0 = Release|Win32
	EndGlobalSection
	GlobalSection(SolutionProperties) = preSolution
		HideSolutionNode = FALSE
	EndGlobalSection
	GlobalSection(NestedProjects) = preSolution
		{AB2F0033-F508-4044-B6E0-1E4E88CF9180} = {22F14AA1-DAE4-482F-994D-2F84ACCFE7BE}
		{E1066D2A-164F-41F1-B50E-25BD1822A86A} = {22F14AA1-DAE4-482F-994D-2F84ACCFE7BE}
	EndGlobalSection
	GlobalSection(ExtensibilityGlobals) = postSolution
		SolutionGuid = {EDD34DB3-B6C5-4C4F-B194-E93FE298E00D}
	EndGlobalSection
EndGlobal
